
Microsoft Visual Studio Solution File, Format Version 12.00
# Visual Studio Version 16
VisualStudioVersion = 16.0.32228.343
MinimumVisualStudioVersion = 10.0.40219.1
Project("{9A19103F-16F7-4668-BE54-9A1E7A4F7556}") = "ETL", "ETL.csproj", "{50B18C1F-1DA0-4B94-BAF9-7B3B3A220228}"
EndProject
Project("{54435603-DBB4-11D2-8724-00A0C9A8B90C}") = "Setup_ETL", "..\Setup_ETL\Setup_ETL.vdproj", "{F60A22B2-2DCC-4CB4-AA43-3876325E67C0}"
EndProject
Global
	GlobalSection(SolutionConfigurationPlatforms) = preSolution
		Debug|Any CPU = Debug|Any CPU
		Release|Any CPU = Release|Any CPU
	EndGlobalSection
	GlobalSection(ProjectConfigurationPlatforms) = postSolution
		{50B18C1F-1DA0-4B94-BAF9-7B3B3A220228}.Debug|Any CPU.ActiveCfg = Debug|Any CPU
		{50B18C1F-1DA0-4B94-BAF9-7B3B3A220228}.Debug|Any CPU.Build.0 = Debug|Any CPU
		{50B18C1F-1DA0-4B94-BAF9-7B3B3A220228}.Release|Any CPU.ActiveCfg = Release|Any CPU
		{50B18C1F-1DA0-4B94-BAF9-7B3B3A220228}.Release|Any CPU.Build.0 = Release|Any CPU
		{F60A22B2-2DCC-4CB4-AA43-3876325E67C0}.Debug|Any CPU.ActiveCfg = Debug
		{F60A22B2-2DCC-4CB4-AA43-3876325E67C0}.Release|Any CPU.ActiveCfg = Release
	EndGlobalSection
	GlobalSection(SolutionProperties) = preSolution
		HideSolutionNode = FALSE
	EndGlobalSection
	GlobalSection(ExtensibilityGlobals) = postSolution
		SolutionGuid = {D9F47334-CEF7-444D-B106-B82C2E189A94}
	EndGlobalSection
EndGlobal
